{
  "meteor": {},
  "dependencies": {
    "basePackages": {
      "iron-router": {
        "git": "https://github.com/EventedMind/iron-router.git",
        "branch": "blaze-integration"
      },
      "blaze-layout": {
        "git": "https://github.com/EventedMind/blaze-layout.git",
        "branch": "devel"
      }
    },
    "packages": {
      "iron-router": {
        "git": "https://github.com/EventedMind/iron-router.git",
        "branch": "blaze-integration",
        "commit": "77ddcd69a75fedb68ab57a7fb15b7f7e76b01f92"
      },
      "blaze-layout": {
        "git": "https://github.com/EventedMind/blaze-layout.git",
        "branch": "devel",
        "commit": "8fd3d0b0e95ab1efadcd45b3ebc60437c83a326a"
      }
    }
  }
}
